
Microsoft Visual Studio Solution File, Format Version 12.00
# Visual Studio Version 16
VisualStudioVersion = 16.0.35706.149
MinimumVisualStudioVersion = 10.0.40219.1
Project("{FAE04EC0-301F-11D3-BF4B-00C04F79EFBC}") = "sistema_inventario", "sistema_inventario\sistema_inventario.csproj", "{F8E36664-418D-4270-9785-B515EE14D0F0}"
EndProject
Project("{FAE04EC0-301F-11D3-BF4B-00C04F79EFBC}") = "CapaDatos", "CapaDatos\CapaDatos.csproj", "{6E4009FC-C2B8-4FEE-A0A7-4E7AE7CD8D19}"
EndProject
Project("{FAE04EC0-301F-11D3-BF4B-00C04F79EFBC}") = "CapaNegocio", "CapaNegocio\CapaNegocio.csproj", "{3F65F88C-534E-4C69-8796-6CAD4557B748}"
EndProject
Global
	GlobalSection(SolutionConfigurationPlatforms) = preSolution
		Debug|Any CPU = Debug|Any CPU
		Release|Any CPU = Release|Any CPU
	EndGlobalSection
	GlobalSection(ProjectConfigurationPlatforms) = postSolution
		{F8E36664-418D-4270-9785-B515EE14D0F0}.Debug|Any CPU.ActiveCfg = Debug|Any CPU
		{F8E36664-418D-4270-9785-B515EE14D0F0}.Debug|Any CPU.Build.0 = Debug|Any CPU
		{F8E36664-418D-4270-9785-B515EE14D0F0}.Release|Any CPU.ActiveCfg = Release|Any CPU
		{F8E36664-418D-4270-9785-B515EE14D0F0}.Release|Any CPU.Build.0 = Release|Any CPU
		{6E4009FC-C2B8-4FEE-A0A7-4E7AE7CD8D19}.Debug|Any CPU.ActiveCfg = Debug|Any CPU
		{6E4009FC-C2B8-4FEE-A0A7-4E7AE7CD8D19}.Debug|Any CPU.Build.0 = Debug|Any CPU
		{6E4009FC-C2B8-4FEE-A0A7-4E7AE7CD8D19}.Release|Any CPU.ActiveCfg = Release|Any CPU
		{6E4009FC-C2B8-4FEE-A0A7-4E7AE7CD8D19}.Release|Any CPU.Build.0 = Release|Any CPU
		{3F65F88C-534E-4C69-8796-6CAD4557B748}.Debug|Any CPU.ActiveCfg = Debug|Any CPU
		{3F65F88C-534E-4C69-8796-6CAD4557B748}.Debug|Any CPU.Build.0 = Debug|Any CPU
		{3F65F88C-534E-4C69-8796-6CAD4557B748}.Release|Any CPU.ActiveCfg = Release|Any CPU
		{3F65F88C-534E-4C69-8796-6CAD4557B748}.Release|Any CPU.Build.0 = Release|Any CPU
	EndGlobalSection
	GlobalSection(SolutionProperties) = preSolution
		HideSolutionNode = FALSE
	EndGlobalSection
	GlobalSection(ExtensibilityGlobals) = postSolution
		SolutionGuid = {3EEAAF4B-8FF1-4C59-A37F-0B9E1CF6D6FD}
	EndGlobalSection
EndGlobal
